Microsoft Visual Studio Solution File, Format Version 12.00
# Visual Studio Version 17
VisualStudioVersion = 17.5.2.0
MinimumVisualStudioVersion = 10.0.40219.1
Project("{FAE04EC0-301F-11D3-BF4B-00C04F79EFBC}") = "lab1os", "lab1os\lab1os.csproj", "{CE964E28-386F-0272-0CBE-87D4AA3B0176}"
EndProject
Global
	GlobalSection(SolutionConfigurationPlatforms) = preSolution
		Debug|Any CPU = Debug|Any CPU
		Release|Any CPU = Release|Any CPU
	EndGlobalSection
	GlobalSection(ProjectConfigurationPlatforms) = postSolution
		{CE964E28-386F-0272-0CBE-87D4AA3B0176}.Debug|Any CPU.ActiveCfg = Debug|Any CPU
		{CE964E28-386F-0272-0CBE-87D4AA3B0176}.Debug|Any CPU.Build.0 = Debug|Any CPU
		{CE964E28-386F-0272-0CBE-87D4AA3B0176}.Release|Any CPU.ActiveCfg = Release|Any CPU
		{CE964E28-386F-0272-0CBE-87D4AA3B0176}.Release|Any CPU.Build.0 = Release|Any CPU
	EndGlobalSection
	GlobalSection(SolutionProperties) = preSolution
		HideSolutionNode = FALSE
	EndGlobalSection
	GlobalSection(ExtensibilityGlobals) = postSolution
		SolutionGuid = {2752BA58-20F3-485B-8104-2BD92AA17849}
	EndGlobalSection
EndGlobal
